
Microsoft Visual Studio Solution File, Format Version 12.00
# Visual Studio Version 17
VisualStudioVersion = 17.7.34202.233
MinimumVisualStudioVersion = 10.0.40219.1
Project("{FAE04EC0-301F-11D3-BF4B-00C04F79EFBC}") = "CasaDoCodigo.Dominio", "src\CasaDoCodigo.Dominio\CasaDoCodigo.Dominio.csproj", "{DA30C3EB-FC70-4A63-9B2E-4BC4AD0982EE}"
EndProject
Project("{FAE04EC0-301F-11D3-BF4B-00C04F79EFBC}") = "CasaDoCodigo.API", "src\CasaDoCodigo.API\CasaDoCodigo.API.csproj", "{C15ECC97-921B-4966-BFBB-D34D2DFE53A3}"
EndProject
Project("{FAE04EC0-301F-11D3-BF4B-00C04F79EFBC}") = "CasaDoCodigo.Aplicacao", "src\CasaDoCodigo.Aplicacao\CasaDoCodigo.Aplicacao.csproj", "{6090426B-A127-46E2-B2BF-7D5CE8101EB9}"
EndProject
Project("{FAE04EC0-301F-11D3-BF4B-00C04F79EFBC}") = "CasaDoCodigo.Data", "src\CasaDoCodigo.Data\CasaDoCodigo.Data.csproj", "{B2F7B176-653A-4B97-A022-CA7B0EF20FC2}"
EndProject
Global
	GlobalSection(SolutionConfigurationPlatforms) = preSolution
		Debug|Any CPU = Debug|Any CPU
		Release|Any CPU = Release|Any CPU
	EndGlobalSection
	GlobalSection(ProjectConfigurationPlatforms) = postSolution
		{DA30C3EB-FC70-4A63-9B2E-4BC4AD0982EE}.Debug|Any CPU.ActiveCfg = Debug|Any CPU
		{DA30C3EB-FC70-4A63-9B2E-4BC4AD0982EE}.Debug|Any CPU.Build.0 = Debug|Any CPU
		{DA30C3EB-FC70-4A63-9B2E-4BC4AD0982EE}.Release|Any CPU.ActiveCfg = Release|Any CPU
		{DA30C3EB-FC70-4A63-9B2E-4BC4AD0982EE}.Release|Any CPU.Build.0 = Release|Any CPU
		{C15ECC97-921B-4966-BFBB-D34D2DFE53A3}.Debug|Any CPU.ActiveCfg = Debug|Any CPU
		{C15ECC97-921B-4966-BFBB-D34D2DFE53A3}.Debug|Any CPU.Build.0 = Debug|Any CPU
		{C15ECC97-921B-4966-BFBB-D34D2DFE53A3}.Release|Any CPU.ActiveCfg = Release|Any CPU
		{C15ECC97-921B-4966-BFBB-D34D2DFE53A3}.Release|Any CPU.Build.0 = Release|Any CPU
		{6090426B-A127-46E2-B2BF-7D5CE8101EB9}.Debug|Any CPU.ActiveCfg = Debug|Any CPU
		{6090426B-A127-46E2-B2BF-7D5CE8101EB9}.Debug|Any CPU.Build.0 = Debug|Any CPU
		{6090426B-A127-46E2-B2BF-7D5CE8101EB9}.Release|Any CPU.ActiveCfg = Release|Any CPU
		{6090426B-A127-46E2-B2BF-7D5CE8101EB9}.Release|Any CPU.Build.0 = Release|Any CPU
		{B2F7B176-653A-4B97-A022-CA7B0EF20FC2}.Debug|Any CPU.ActiveCfg = Debug|Any CPU
		{B2F7B176-653A-4B97-A022-CA7B0EF20FC2}.Debug|Any CPU.Build.0 = Debug|Any CPU
		{B2F7B176-653A-4B97-A022-CA7B0EF20FC2}.Release|Any CPU.ActiveCfg = Release|Any CPU
		{B2F7B176-653A-4B97-A022-CA7B0EF20FC2}.Release|Any CPU.Build.0 = Release|Any CPU
	EndGlobalSection
	GlobalSection(SolutionProperties) = preSolution
		HideSolutionNode = FALSE
	EndGlobalSection
	GlobalSection(ExtensibilityGlobals) = postSolution
		SolutionGuid = {59B6AE48-AF67-4E6F-A343-6BA276516CE6}
	EndGlobalSection
EndGlobal
